
Microsoft Visual Studio Solution File, Format Version 12.00
# Visual Studio 15
VisualStudioVersion = 15.0.28010.2016
MinimumVisualStudioVersion = 10.0.40219.1
Project("{8BC9CEB8-8B4A-11D0-8D11-00A0C91BC942}") = "Project", "Project\Project.vcxproj", "{2A7807CB-DF30-49D8-9101-EAA5F0E5E34C}"
EndProject
Global
	GlobalSection(SolutionConfigurationPlatforms) = preSolution
		Debug|x64 = Debug|x64
		Debug|x86 = Debug|x86
		Release|x64 = Release|x64
		Release|x86 = Release|x86
	EndGlobalSection
	GlobalSection(ProjectConfigurationPlatforms) = postSolution
		{2A7807CB-DF30-49D8-9101-EAA5F0E5E34C}.Debug|x64.ActiveCfg = Debug|x64
		{2A7807CB-DF30-49D8-9101-EAA5F0E5E34C}.Debug|x64.Build.0 = Debug|x64
		{2A7807CB-DF30-49D8-9101-EAA5F0E5E34C}.Debug|x86.ActiveCfg = Debug|Win32
		{2A7807CB-DF30-49D8-9101-EAA5F0E5E34C}.Debug|x86.Build.0 = Debug|Win32
		{2A7807CB-DF30-49D8-9101-EAA5F0E5E34C}.Release|x64.ActiveCfg = Release|x64
		{2A7807CB-DF30-49D8-9101-EAA5F0E5E34C}.Release|x64.Build.0 = Release|x64
		{2A7807CB-DF30-49D8-9101-EAA5F0E5E34C}.Release|x86.ActiveCfg = Release|Win32
		{2A7807CB-DF30-49D8-9101-EAA5F0E5E34C}.Release|x86.Build.0 = Release|Win32
	EndGlobalSection
	GlobalSection(SolutionProperties) = preSolution
		HideSolutionNode = FALSE
	EndGlobalSection
	GlobalSection(ExtensibilityGlobals) = postSolution
		SolutionGuid = {98DBCDCC-9320-44F7-8492-D3F1675F6661}
	EndGlobalSection
EndGlobal
